
Microsoft Visual Studio Solution File, Format Version 12.00
# Visual Studio Version 16
VisualStudioVersion = 16.0.29728.190
MinimumVisualStudioVersion = 10.0.40219.1
Project("{FAE04EC0-301F-11D3-BF4B-00C04F79EFBC}") = "CalculateREFscores", "CalculateREFscores\CalculateREFscores.csproj", "{81DD0FBB-24A9-4D9F-BA0A-A69691A408FE}"
EndProject
Global
	GlobalSection(SolutionConfigurationPlatforms) = preSolution
		Debug|Any CPU = Debug|Any CPU
		Release|Any CPU = Release|Any CPU
	EndGlobalSection
	GlobalSection(ProjectConfigurationPlatforms) = postSolution
		{81DD0FBB-24A9-4D9F-BA0A-A69691A408FE}.Debug|Any CPU.ActiveCfg = Debug|Any CPU
		{81DD0FBB-24A9-4D9F-BA0A-A69691A408FE}.Debug|Any CPU.Build.0 = Debug|Any CPU
		{81DD0FBB-24A9-4D9F-BA0A-A69691A408FE}.Release|Any CPU.ActiveCfg = Release|Any CPU
		{81DD0FBB-24A9-4D9F-BA0A-A69691A408FE}.Release|Any CPU.Build.0 = Release|Any CPU
	EndGlobalSection
	GlobalSection(SolutionProperties) = preSolution
		HideSolutionNode = FALSE
	EndGlobalSection
	GlobalSection(ExtensibilityGlobals) = postSolution
		SolutionGuid = {BC57E07D-7412-49F4-96B2-C4375E53A6A7}
	EndGlobalSection
EndGlobal
